
Microsoft Visual Studio Solution File, Format Version 12.00
# Visual Studio Version 16
VisualStudioVersion = 16.0.30611.23
MinimumVisualStudioVersion = 10.0.40219.1
Project("{FAE04EC0-301F-11D3-BF4B-00C04F79EFBC}") = "Console_for_tests", "Console_for_tests\Console_for_tests.csproj", "{46A9B871-30C5-4DEE-B99E-03FB0FA934E4}"
EndProject
Global
	GlobalSection(SolutionConfigurationPlatforms) = preSolution
		Debug|Any CPU = Debug|Any CPU
		Release|Any CPU = Release|Any CPU
	EndGlobalSection
	GlobalSection(ProjectConfigurationPlatforms) = postSolution
		{46A9B871-30C5-4DEE-B99E-03FB0FA934E4}.Debug|Any CPU.ActiveCfg = Debug|Any CPU
		{46A9B871-30C5-4DEE-B99E-03FB0FA934E4}.Debug|Any CPU.Build.0 = Debug|Any CPU
		{46A9B871-30C5-4DEE-B99E-03FB0FA934E4}.Release|Any CPU.ActiveCfg = Release|Any CPU
		{46A9B871-30C5-4DEE-B99E-03FB0FA934E4}.Release|Any CPU.Build.0 = Release|Any CPU
	EndGlobalSection
	GlobalSection(SolutionProperties) = preSolution
		HideSolutionNode = FALSE
	EndGlobalSection
	GlobalSection(ExtensibilityGlobals) = postSolution
		SolutionGuid = {2AD30050-90A6-411E-BFBE-AFAFABF12654}
	EndGlobalSection
EndGlobal
